// !$*UTF8*$!
{
	archiveVersion = 1;
	classes = {
	};
	objectVersion = 56;
	objects = {

/* Begin PBXBuildFile section */
		E4369AC2294B8F6F00678ED7 /* Points.swift in Sources */ = {isa = PBXBuildFile; fileRef = E4369AB7294B8F6E00678ED7 /* Points.swift */; };
		E4369AC3294B8F6F00678ED7 /* Lose.swift in Sources */ = {isa = PBXBuildFile; fileRef = E4369AB8294B8F6E00678ED7 /* Lose.swift */; };
		E4369AC4294B8F6F00678ED7 /* TournamentResponse.swift in Sources */ = {isa = PBXBuildFile; fileRef = E4369AB9294B8F6E00678ED7 /* TournamentResponse.swift */; };
		E4369AC6294B8F6F00678ED7 /* Team.swift in Sources */ = {isa = PBXBuildFile; fileRef = E4369ABB294B8F6E00678ED7 /* Team.swift */; };
		E4369AC7294B8F6F00678ED7 /* TournamentsEntryPoint.swift in Sources */ = {isa = PBXBuildFile; fileRef = E4369ABC294B8F6E00678ED7 /* TournamentsEntryPoint.swift */; };
		E4369AC8294B8F6F00678ED7 /* Win.swift in Sources */ = {isa = PBXBuildFile; fileRef = E4369ABD294B8F6E00678ED7 /* Win.swift */; };
		E4369AC9294B8F6F00678ED7 /* Group.swift in Sources */ = {isa = PBXBuildFile; fileRef = E4369ABE294B8F6E00678ED7 /* Group.swift */; };
		E4369ACB294B8F6F00678ED7 /* Games.swift in Sources */ = {isa = PBXBuildFile; fileRef = E4369AC0294B8F6E00678ED7 /* Games.swift */; };
		E4369ACE294B941F00678ED7 /* TeamPlaceTableViewCell.swift in Sources */ = {isa = PBXBuildFile; fileRef = E4369ACD294B941F00678ED7 /* TeamPlaceTableViewCell.swift */; };
		E4369AD0294C820300678ED7 /* TournamentHeaderView.swift in Sources */ = {isa = PBXBuildFile; fileRef = E4369ACF294C820300678ED7 /* TournamentHeaderView.swift */; };
		E4369AD2295068F500678ED7 /* AccountHeaderTableViewCell.swift in Sources */ = {isa = PBXBuildFile; fileRef = E4369AD1295068F500678ED7 /* AccountHeaderTableViewCell.swift */; };
		E4369ADA2950CE3900678ED7 /* LocalFileManager.swift in Sources */ = {isa = PBXBuildFile; fileRef = E4369AD92950CE3900678ED7 /* LocalFileManager.swift */; };
		E4369ADF2952245400678ED7 /* PickedGamesViewController.swift in Sources */ = {isa = PBXBuildFile; fileRef = E4369ADE2952245400678ED7 /* PickedGamesViewController.swift */; };
		E4369AE52952683000678ED7 /* TeamsEntryPoint.swift in Sources */ = {isa = PBXBuildFile; fileRef = E4369AE12952683000678ED7 /* TeamsEntryPoint.swift */; };
		E4369AE82952683000678ED7 /* TeamResponse.swift in Sources */ = {isa = PBXBuildFile; fileRef = E4369AE42952683000678ED7 /* TeamResponse.swift */; };
		E4369AEA29526A3200678ED7 /* YearsTableViewCell.swift in Sources */ = {isa = PBXBuildFile; fileRef = E4369AE929526A3200678ED7 /* YearsTableViewCell.swift */; };
		E4369AEC29526B8F00678ED7 /* YearsCollectionViewCell.swift in Sources */ = {isa = PBXBuildFile; fileRef = E4369AEB29526B8F00678ED7 /* YearsCollectionViewCell.swift */; };
		E4BA93F8293DF3E50049F281 /* AppDelegate.swift in Sources */ = {isa = PBXBuildFile; fileRef = E4BA93F7293DF3E50049F281 /* AppDelegate.swift */; };
		E4BA93FA293DF3E50049F281 /* SceneDelegate.swift in Sources */ = {isa = PBXBuildFile; fileRef = E4BA93F9293DF3E50049F281 /* SceneDelegate.swift */; };
		E4BA93FC293DF3E50049F281 /* LoginViewController.swift in Sources */ = {isa = PBXBuildFile; fileRef = E4BA93FB293DF3E50049F281 /* LoginViewController.swift */; };
		E4BA9402293DF3E50049F281 /* DnCBasket.xcdatamodeld in Sources */ = {isa = PBXBuildFile; fileRef = E4BA9400293DF3E50049F281 /* DnCBasket.xcdatamodeld */; };
		E4BA9404293DF3E60049F281 /* Assets.xcassets in Resources */ = {isa = PBXBuildFile; fileRef = E4BA9403293DF3E60049F281 /* Assets.xcassets */; };
		E4BA9415293E05850049F281 /* BaseViewController.swift in Sources */ = {isa = PBXBuildFile; fileRef = E4BA9414293E05850049F281 /* BaseViewController.swift */; };
		E4BA9417293E07010049F281 /* TabBarController.swift in Sources */ = {isa = PBXBuildFile; fileRef = E4BA9416293E07010049F281 /* TabBarController.swift */; };
		E4BA9419293E21AB0049F281 /* HomeViewController.swift in Sources */ = {isa = PBXBuildFile; fileRef = E4BA9418293E21AB0049F281 /* HomeViewController.swift */; };
		E4BA941B293E21C30049F281 /* TournamentViewController.swift in Sources */ = {isa = PBXBuildFile; fileRef = E4BA941A293E21C30049F281 /* TournamentViewController.swift */; };
		E4BA941D293E21D50049F281 /* TeamsViewController.swift in Sources */ = {isa = PBXBuildFile; fileRef = E4BA941C293E21D50049F281 /* TeamsViewController.swift */; };
		E4BA941F293E21EC0049F281 /* AccountViewController.swift in Sources */ = {isa = PBXBuildFile; fileRef = E4BA941E293E21EC0049F281 /* AccountViewController.swift */; };
		E4BA9423293E2B990049F281 /* Alamofire in Frameworks */ = {isa = PBXBuildFile; productRef = E4BA9422293E2B990049F281 /* Alamofire */; };
		E4BA9426293E2BAC0049F281 /* SnapKit in Frameworks */ = {isa = PBXBuildFile; productRef = E4BA9425293E2BAC0049F281 /* SnapKit */; };
		E4BA9429293E2BC40049F281 /* Kingfisher in Frameworks */ = {isa = PBXBuildFile; productRef = E4BA9428293E2BC40049F281 /* Kingfisher */; };
		E4BA942C293E2BE30049F281 /* Lottie in Frameworks */ = {isa = PBXBuildFile; productRef = E4BA942B293E2BE30049F281 /* Lottie */; };
		E4BA942F293E2CBE0049F281 /* SkyFloatingLabelTextField in Frameworks */ = {isa = PBXBuildFile; productRef = E4BA942E293E2CBE0049F281 /* SkyFloatingLabelTextField */; };
		E4BA943A293F64700049F281 /* ActivityIndicatorManager.swift in Sources */ = {isa = PBXBuildFile; fileRef = E4BA9439293F64700049F281 /* ActivityIndicatorManager.swift */; };
		E4BA943C293F649E0049F281 /* MyAlertManager.swift in Sources */ = {isa = PBXBuildFile; fileRef = E4BA943B293F649E0049F281 /* MyAlertManager.swift */; };
		E4BA943E293F64F10049F281 /* GradientView.swift in Sources */ = {isa = PBXBuildFile; fileRef = E4BA943D293F64F10049F281 /* GradientView.swift */; };
		E4BA9442293F65820049F281 /* MyCoreDataManager.swift in Sources */ = {isa = PBXBuildFile; fileRef = E4BA9441293F65820049F281 /* MyCoreDataManager.swift */; };
		E4BA9445293F65A30049F281 /* RestService.swift in Sources */ = {isa = PBXBuildFile; fileRef = E4BA9444293F65A30049F281 /* RestService.swift */; };
		E4BA9448293F6C940049F281 /* FirebaseAuth in Frameworks */ = {isa = PBXBuildFile; productRef = E4BA9447293F6C940049F281 /* FirebaseAuth */; };
		E4BA944A293F6C940049F281 /* FirebaseCrashlytics in Frameworks */ = {isa = PBXBuildFile; productRef = E4BA9449293F6C940049F281 /* FirebaseCrashlytics */; };
		E4BA944C293F6C940049F281 /* FirebaseFirestore in Frameworks */ = {isa = PBXBuildFile; productRef = E4BA944B293F6C940049F281 /* FirebaseFirestore */; };
		E4BA9453293FB6990049F281 /* spinBasketball.json in Resources */ = {isa = PBXBuildFile; fileRef = E4BA9452293FB6990049F281 /* spinBasketball.json */; };
		E4BA94582940A5050049F281 /* GoogleService-Info.plist in Resources */ = {isa = PBXBuildFile; fileRef = E4BA94572940A5050049F281 /* GoogleService-Info.plist */; };
		E4BA945B2940DE7D0049F281 /* Validator.swift in Sources */ = {isa = PBXBuildFile; fileRef = E4BA945A2940DE7D0049F281 /* Validator.swift */; };
		E4BA945F29412E900049F281 /* CreateAccountViewController.swift in Sources */ = {isa = PBXBuildFile; fileRef = E4BA945E29412E900049F281 /* CreateAccountViewController.swift */; };
		E4BA94612941F46F0049F281 /* FireBaseManager.swift in Sources */ = {isa = PBXBuildFile; fileRef = E4BA94602941F46F0049F281 /* FireBaseManager.swift */; };
		E4BA9464294773E10049F281 /* Constants.swift in Sources */ = {isa = PBXBuildFile; fileRef = E4BA9463294773E10049F281 /* Constants.swift */; };
		E4BA946629479B230049F281 /* GameTableViewCell.swift in Sources */ = {isa = PBXBuildFile; fileRef = E4BA946529479B230049F281 /* GameTableViewCell.swift */; };
		E4BA947229479EB00049F281 /* League.swift in Sources */ = {isa = PBXBuildFile; fileRef = E4BA946829479EB00049F281 /* League.swift */; };
		E4BA947329479EB00049F281 /* Status.swift in Sources */ = {isa = PBXBuildFile; fileRef = E4BA946929479EB00049F281 /* Status.swift */; };
		E4BA947429479EB00049F281 /* Away.swift in Sources */ = {isa = PBXBuildFile; fileRef = E4BA946A29479EB00049F281 /* Away.swift */; };
		E4BA947529479EB00049F281 /* Scores.swift in Sources */ = {isa = PBXBuildFile; fileRef = E4BA946B29479EB00049F281 /* Scores.swift */; };
		E4BA947629479EB00049F281 /* GameResponse.swift in Sources */ = {isa = PBXBuildFile; fileRef = E4BA946C29479EB00049F281 /* GameResponse.swift */; };
		E4BA947729479EB00049F281 /* Teams.swift in Sources */ = {isa = PBXBuildFile; fileRef = E4BA946D29479EB00049F281 /* Teams.swift */; };
		E4BA947829479EB00049F281 /* GamesEntryPoint.swift in Sources */ = {isa = PBXBuildFile; fileRef = E4BA946E29479EB00049F281 /* GamesEntryPoint.swift */; };
		E4BA947929479EB00049F281 /* Home.swift in Sources */ = {isa = PBXBuildFile; fileRef = E4BA946F29479EB00049F281 /* Home.swift */; };
		E4BA947A29479EB00049F281 /* Country.swift in Sources */ = {isa = PBXBuildFile; fileRef = E4BA947029479EB00049F281 /* Country.swift */; };
		E4BA947B29479EB00049F281 /* Parameters.swift in Sources */ = {isa = PBXBuildFile; fileRef = E4BA947129479EB00049F281 /* Parameters.swift */; };
		E4BA947D2948E1720049F281 /* basketballLoading.json in Resources */ = {isa = PBXBuildFile; fileRef = E4BA947C2948E1720049F281 /* basketballLoading.json */; };
		E4BA947F294931DF0049F281 /* DateFormater.swift in Sources */ = {isa = PBXBuildFile; fileRef = E4BA947E294931DF0049F281 /* DateFormater.swift */; };
		E4BA94812949EC420049F281 /* BaseCollectionViewCell.swift in Sources */ = {isa = PBXBuildFile; fileRef = E4BA94802949EC420049F281 /* BaseCollectionViewCell.swift */; };
		E4BA94832949EC780049F281 /* LeaguesTableViewCell.swift in Sources */ = {isa = PBXBuildFile; fileRef = E4BA94822949EC780049F281 /* LeaguesTableViewCell.swift */; };
		E4BA948A2949F8DB0049F281 /* Seasons.swift in Sources */ = {isa = PBXBuildFile; fileRef = E4BA94862949F8DB0049F281 /* Seasons.swift */; };
		E4BA948B2949F8DB0049F281 /* leaguesResponse.swift in Sources */ = {isa = PBXBuildFile; fileRef = E4BA94872949F8DB0049F281 /* leaguesResponse.swift */; };
		E4BA948C2949F8DB0049F281 /* LeaguesEntryPoint.swift in Sources */ = {isa = PBXBuildFile; fileRef = E4BA94882949F8DB0049F281 /* LeaguesEntryPoint.swift */; };
/* End PBXBuildFile section */

/* Begin PBXFileReference section */
		E4369AB7294B8F6E00678ED7 /* Points.swift */ = {isa = PBXFileReference; fileEncoding = 4; lastKnownFileType = sourcecode.swift; path = Points.swift; sourceTree = "<group>"; };
		E4369AB8294B8F6E00678ED7 /* Lose.swift */ = {isa = PBXFileReference; fileEncoding = 4; lastKnownFileType = sourcecode.swift; path = Lose.swift; sourceTree = "<group>"; };
		E4369AB9294B8F6E00678ED7 /* TournamentResponse.swift */ = {isa = PBXFileReference; fileEncoding = 4; lastKnownFileType = sourcecode.swift; path = TournamentResponse.swift; sourceTree = "<group>"; };
		E4369ABB294B8F6E00678ED7 /* Team.swift */ = {isa = PBXFileReference; fileEncoding = 4; lastKnownFileType = sourcecode.swift; path = Team.swift; sourceTree = "<group>"; };
		E4369ABC294B8F6E00678ED7 /* TournamentsEntryPoint.swift */ = {isa = PBXFileReference; fileEncoding = 4; lastKnownFileType = sourcecode.swift; path = TournamentsEntryPoint.swift; sourceTree = "<group>"; };
		E4369ABD294B8F6E00678ED7 /* Win.swift */ = {isa = PBXFileReference; fileEncoding = 4; lastKnownFileType = sourcecode.swift; path = Win.swift; sourceTree = "<group>"; };
		E4369ABE294B8F6E00678ED7 /* Group.swift */ = {isa = PBXFileReference; fileEncoding = 4; lastKnownFileType = sourcecode.swift; path = Group.swift; sourceTree = "<group>"; };
		E4369AC0294B8F6E00678ED7 /* Games.swift */ = {isa = PBXFileReference; fileEncoding = 4; lastKnownFileType = sourcecode.swift; path = Games.swift; sourceTree = "<group>"; };
		E4369ACD294B941F00678ED7 /* TeamPlaceTableViewCell.swift */ = {isa = PBXFileReference; lastKnownFileType = sourcecode.swift; path = TeamPlaceTableViewCell.swift; sourceTree = "<group>"; };
		E4369ACF294C820300678ED7 /* TournamentHeaderView.swift */ = {isa = PBXFileReference; lastKnownFileType = sourcecode.swift; path = TournamentHeaderView.swift; sourceTree = "<group>"; };
		E4369AD1295068F500678ED7 /* AccountHeaderTableViewCell.swift */ = {isa = PBXFileReference; lastKnownFileType = sourcecode.swift; path = AccountHeaderTableViewCell.swift; sourceTree = "<group>"; };
		E4369AD92950CE3900678ED7 /* LocalFileManager.swift */ = {isa = PBXFileReference; lastKnownFileType = sourcecode.swift; path = LocalFileManager.swift; sourceTree = "<group>"; };
		E4369ADE2952245400678ED7 /* PickedGamesViewController.swift */ = {isa = PBXFileReference; lastKnownFileType = sourcecode.swift; path = PickedGamesViewController.swift; sourceTree = "<group>"; };
		E4369AE12952683000678ED7 /* TeamsEntryPoint.swift */ = {isa = PBXFileReference; fileEncoding = 4; lastKnownFileType = sourcecode.swift; path = TeamsEntryPoint.swift; sourceTree = "<group>"; };
		E4369AE42952683000678ED7 /* TeamResponse.swift */ = {isa = PBXFileReference; fileEncoding = 4; lastKnownFileType = sourcecode.swift; path = TeamResponse.swift; sourceTree = "<group>"; };
		E4369AE929526A3200678ED7 /* YearsTableViewCell.swift */ = {isa = PBXFileReference; lastKnownFileType = sourcecode.swift; path = YearsTableViewCell.swift; sourceTree = "<group>"; };
		E4369AEB29526B8F00678ED7 /* YearsCollectionViewCell.swift */ = {isa = PBXFileReference; lastKnownFileType = sourcecode.swift; path = YearsCollectionViewCell.swift; sourceTree = "<group>"; };
		E4BA93F4293DF3E50049F281 /* DnCBasket.app */ = {isa = PBXFileReference; explicitFileType = wrapper.application; includeInIndex = 0; path = DnCBasket.app; sourceTree = BUILT_PRODUCTS_DIR; };
		E4BA93F7293DF3E50049F281 /* AppDelegate.swift */ = {isa = PBXFileReference; lastKnownFileType = sourcecode.swift; path = AppDelegate.swift; sourceTree = "<group>"; };
		E4BA93F9293DF3E50049F281 /* SceneDelegate.swift */ = {isa = PBXFileReference; lastKnownFileType = sourcecode.swift; path = SceneDelegate.swift; sourceTree = "<group>"; };
		E4BA93FB293DF3E50049F281 /* LoginViewController.swift */ = {isa = PBXFileReference; lastKnownFileType = sourcecode.swift; path = LoginViewController.swift; sourceTree = "<group>"; };
		E4BA9401293DF3E50049F281 /* DnCBasket.xcdatamodel */ = {isa = PBXFileReference; lastKnownFileType = wrapper.xcdatamodel; path = DnCBasket.xcdatamodel; sourceTree = "<group>"; };
		E4BA9403293DF3E60049F281 /* Assets.xcassets */ = {isa = PBXFileReference; lastKnownFileType = folder.assetcatalog; path = Assets.xcassets; sourceTree = "<group>"; };
		E4BA9408293DF3E60049F281 /* Info.plist */ = {isa = PBXFileReference; lastKnownFileType = text.plist.xml; path = Info.plist; sourceTree = "<group>"; };
		E4BA9414293E05850049F281 /* BaseViewController.swift */ = {isa = PBXFileReference; lastKnownFileType = sourcecode.swift; path = BaseViewController.swift; sourceTree = "<group>"; };
		E4BA9416293E07010049F281 /* TabBarController.swift */ = {isa = PBXFileReference; lastKnownFileType = sourcecode.swift; path = TabBarController.swift; sourceTree = "<group>"; };
		E4BA9418293E21AB0049F281 /* HomeViewController.swift */ = {isa = PBXFileReference; lastKnownFileType = sourcecode.swift; path = HomeViewController.swift; sourceTree = "<group>"; };
		E4BA941A293E21C30049F281 /* TournamentViewController.swift */ = {isa = PBXFileReference; lastKnownFileType = sourcecode.swift; path = TournamentViewController.swift; sourceTree = "<group>"; };
		E4BA941C293E21D50049F281 /* TeamsViewController.swift */ = {isa = PBXFileReference; lastKnownFileType = sourcecode.swift; path = TeamsViewController.swift; sourceTree = "<group>"; };
		E4BA941E293E21EC0049F281 /* AccountViewController.swift */ = {isa = PBXFileReference; lastKnownFileType = sourcecode.swift; path = AccountViewController.swift; sourceTree = "<group>"; };
		E4BA9439293F64700049F281 /* ActivityIndicatorManager.swift */ = {isa = PBXFileReference; lastKnownFileType = sourcecode.swift; path = ActivityIndicatorManager.swift; sourceTree = "<group>"; };
		E4BA943B293F649E0049F281 /* MyAlertManager.swift */ = {isa = PBXFileReference; lastKnownFileType = sourcecode.swift; path = MyAlertManager.swift; sourceTree = "<group>"; };
		E4BA943D293F64F10049F281 /* GradientView.swift */ = {isa = PBXFileReference; lastKnownFileType = sourcecode.swift; path = GradientView.swift; sourceTree = "<group>"; };
		E4BA9441293F65820049F281 /* MyCoreDataManager.swift */ = {isa = PBXFileReference; lastKnownFileType = sourcecode.swift; path = MyCoreDataManager.swift; sourceTree = "<group>"; };
		E4BA9444293F65A30049F281 /* RestService.swift */ = {isa = PBXFileReference; lastKnownFileType = sourcecode.swift; path = RestService.swift; sourceTree = "<group>"; };
		E4BA9452293FB6990049F281 /* spinBasketball.json */ = {isa = PBXFileReference; fileEncoding = 4; lastKnownFileType = text.json; path = spinBasketball.json; sourceTree = "<group>"; };
		E4BA94572940A5050049F281 /* GoogleService-Info.plist */ = {isa = PBXFileReference; fileEncoding = 4; lastKnownFileType = text.plist.xml; path = "GoogleService-Info.plist"; sourceTree = "<group>"; };
		E4BA945A2940DE7D0049F281 /* Validator.swift */ = {isa = PBXFileReference; lastKnownFileType = sourcecode.swift; path = Validator.swift; sourceTree = "<group>"; };
		E4BA945E29412E900049F281 /* CreateAccountViewController.swift */ = {isa = PBXFileReference; lastKnownFileType = sourcecode.swift; path = CreateAccountViewController.swift; sourceTree = "<group>"; };
		E4BA94602941F46F0049F281 /* FireBaseManager.swift */ = {isa = PBXFileReference; lastKnownFileType = sourcecode.swift; path = FireBaseManager.swift; sourceTree = "<group>"; };
		E4BA9463294773E10049F281 /* Constants.swift */ = {isa = PBXFileReference; lastKnownFileType = sourcecode.swift; path = Constants.swift; sourceTree = "<group>"; };
		E4BA946529479B230049F281 /* GameTableViewCell.swift */ = {isa = PBXFileReference; lastKnownFileType = sourcecode.swift; path = GameTableViewCell.swift; sourceTree = "<group>"; };
		E4BA946829479EB00049F281 /* League.swift */ = {isa = PBXFileReference; fileEncoding = 4; lastKnownFileType = sourcecode.swift; path = League.swift; sourceTree = "<group>"; };
		E4BA946929479EB00049F281 /* Status.swift */ = {isa = PBXFileReference; fileEncoding = 4; lastKnownFileType = sourcecode.swift; path = Status.swift; sourceTree = "<group>"; };
		E4BA946A29479EB00049F281 /* Away.swift */ = {isa = PBXFileReference; fileEncoding = 4; lastKnownFileType = sourcecode.swift; path = Away.swift; sourceTree = "<group>"; };
		E4BA946B29479EB00049F281 /* Scores.swift */ = {isa = PBXFileReference; fileEncoding = 4; lastKnownFileType = sourcecode.swift; path = Scores.swift; sourceTree = "<group>"; };
		E4BA946C29479EB00049F281 /* GameResponse.swift */ = {isa = PBXFileReference; fileEncoding = 4; lastKnownFileType = sourcecode.swift; path = GameResponse.swift; sourceTree = "<group>"; };
		E4BA946D29479EB00049F281 /* Teams.swift */ = {isa = PBXFileReference; fileEncoding = 4; lastKnownFileType = sourcecode.swift; path = Teams.swift; sourceTree = "<group>"; };
		E4BA946E29479EB00049F281 /* GamesEntryPoint.swift */ = {isa = PBXFileReference; fileEncoding = 4; lastKnownFileType = sourcecode.swift; path = GamesEntryPoint.swift; sourceTree = "<group>"; };
		E4BA946F29479EB00049F281 /* Home.swift */ = {isa = PBXFileReference; fileEncoding = 4; lastKnownFileType = sourcecode.swift; path = Home.swift; sourceTree = "<group>"; };
		E4BA947029479EB00049F281 /* Country.swift */ = {isa = PBXFileReference; fileEncoding = 4; lastKnownFileType = sourcecode.swift; path = Country.swift; sourceTree = "<group>"; };
		E4BA947129479EB00049F281 /* Parameters.swift */ = {isa = PBXFileReference; fileEncoding = 4; lastKnownFileType = sourcecode.swift; path = Parameters.swift; sourceTree = "<group>"; };
		E4BA947C2948E1720049F281 /* basketballLoading.json */ = {isa = PBXFileReference; fileEncoding = 4; lastKnownFileType = text.json; path = basketballLoading.json; sourceTree = "<group>"; };
		E4BA947E294931DF0049F281 /* DateFormater.swift */ = {isa = PBXFileReference; lastKnownFileType = sourcecode.swift; path = DateFormater.swift; sourceTree = "<group>"; };
		E4BA94802949EC420049F281 /* BaseCollectionViewCell.swift */ = {isa = PBXFileReference; lastKnownFileType = sourcecode.swift; path = BaseCollectionViewCell.swift; sourceTree = "<group>"; };
		E4BA94822949EC780049F281 /* LeaguesTableViewCell.swift */ = {isa = PBXFileReference; lastKnownFileType = sourcecode.swift; path = LeaguesTableViewCell.swift; sourceTree = "<group>"; };
		E4BA94862949F8DB0049F281 /* Seasons.swift */ = {isa = PBXFileReference; fileEncoding = 4; lastKnownFileType = sourcecode.swift; path = Seasons.swift; sourceTree = "<group>"; };
		E4BA94872949F8DB0049F281 /* leaguesResponse.swift */ = {isa = PBXFileReference; fileEncoding = 4; lastKnownFileType = sourcecode.swift; path = leaguesResponse.swift; sourceTree = "<group>"; };
		E4BA94882949F8DB0049F281 /* LeaguesEntryPoint.swift */ = {isa = PBXFileReference; fileEncoding = 4; lastKnownFileType = sourcecode.swift; path = LeaguesEntryPoint.swift; sourceTree = "<group>"; };
/* End PBXFileReference section */

/* Begin PBXFrameworksBuildPhase section */
		E4BA93F1293DF3E50049F281 /* Frameworks */ = {
			isa = PBXFrameworksBuildPhase;
			buildActionMask = 2147483647;
			files = (
				E4BA9429293E2BC40049F281 /* Kingfisher in Frameworks */,
				E4BA9448293F6C940049F281 /* FirebaseAuth in Frameworks */,
				E4BA942F293E2CBE0049F281 /* SkyFloatingLabelTextField in Frameworks */,
				E4BA944A293F6C940049F281 /* FirebaseCrashlytics in Frameworks */,
				E4BA9423293E2B990049F281 /* Alamofire in Frameworks */,
				E4BA944C293F6C940049F281 /* FirebaseFirestore in Frameworks */,
				E4BA9426293E2BAC0049F281 /* SnapKit in Frameworks */,
				E4BA942C293E2BE30049F281 /* Lottie in Frameworks */,
			);
			runOnlyForDeploymentPostprocessing = 0;
		};
/* End PBXFrameworksBuildPhase section */

/* Begin PBXGroup section */
		E4369AB6294B8F2300678ED7 /* Tournaments */ = {
			isa = PBXGroup;
			children = (
				E4369AC0294B8F6E00678ED7 /* Games.swift */,
				E4369ABE294B8F6E00678ED7 /* Group.swift */,
				E4369ABC294B8F6E00678ED7 /* TournamentsEntryPoint.swift */,
				E4369AB8294B8F6E00678ED7 /* Lose.swift */,
				E4369AB7294B8F6E00678ED7 /* Points.swift */,
				E4369AB9294B8F6E00678ED7 /* TournamentResponse.swift */,
				E4369ABB294B8F6E00678ED7 /* Team.swift */,
				E4369ABD294B8F6E00678ED7 /* Win.swift */,
			);
			path = Tournaments;
			sourceTree = "<group>";
		};
		E4369AE02952681B00678ED7 /* Teams */ = {
			isa = PBXGroup;
			children = (
				E4369AE12952683000678ED7 /* TeamsEntryPoint.swift */,
				E4369AE42952683000678ED7 /* TeamResponse.swift */,
			);
			path = Teams;
			sourceTree = "<group>";
		};
		E4369AED29526B9500678ED7 /* CollectionViews */ = {
			isa = PBXGroup;
			children = (
				E4369AEB29526B8F00678ED7 /* YearsCollectionViewCell.swift */,
				E4BA94802949EC420049F281 /* BaseCollectionViewCell.swift */,
			);
			path = CollectionViews;
			sourceTree = "<group>";
		};
		E4369AEE29526BE100678ED7 /* HeaderTableViewCells */ = {
			isa = PBXGroup;
			children = (
				E4369ACF294C820300678ED7 /* TournamentHeaderView.swift */,
				E4369AD1295068F500678ED7 /* AccountHeaderTableViewCell.swift */,
			);
			path = HeaderTableViewCells;
			sourceTree = "<group>";
		};
		E4369AEF29526C1800678ED7 /* TableViewCells */ = {
			isa = PBXGroup;
			children = (
				E4BA946529479B230049F281 /* GameTableViewCell.swift */,
				E4369ACD294B941F00678ED7 /* TeamPlaceTableViewCell.swift */,
				E4BA94822949EC780049F281 /* LeaguesTableViewCell.swift */,
				E4369AE929526A3200678ED7 /* YearsTableViewCell.swift */,
			);
			path = TableViewCells;
			sourceTree = "<group>";
		};
		E4BA93EB293DF3E50049F281 = {
			isa = PBXGroup;
			children = (
				E4BA93F6293DF3E50049F281 /* DnCBasket */,
				E4BA93F5293DF3E50049F281 /* Products */,
			);
			sourceTree = "<group>";
		};
		E4BA93F5293DF3E50049F281 /* Products */ = {
			isa = PBXGroup;
			children = (
				E4BA93F4293DF3E50049F281 /* DnCBasket.app */,
			);
			name = Products;
			sourceTree = "<group>";
		};
		E4BA93F6293DF3E50049F281 /* DnCBasket */ = {
			isa = PBXGroup;
			children = (
				E4BA9432293F62560049F281 /* Managers */,
				E4BA9433293F625D0049F281 /* Models */,
				E4BA9434293F62640049F281 /* Views */,
				E4BA9410293DF58B0049F281 /* Controllers */,
				E4BA940E293DF56D0049F281 /* Defaults */,
				E4BA9400293DF3E50049F281 /* DnCBasket.xcdatamodeld */,
				E4BA94572940A5050049F281 /* GoogleService-Info.plist */,
				E4BA9463294773E10049F281 /* Constants.swift */,
			);
			path = DnCBasket;
			sourceTree = "<group>";
		};
		E4BA940E293DF56D0049F281 /* Defaults */ = {
			isa = PBXGroup;
			children = (
				E4BA9408293DF3E60049F281 /* Info.plist */,
				E4BA93F7293DF3E50049F281 /* AppDelegate.swift */,
				E4BA93F9293DF3E50049F281 /* SceneDelegate.swift */,
				E4BA9403293DF3E60049F281 /* Assets.xcassets */,
			);
			path = Defaults;
			sourceTree = "<group>";
		};
		E4BA9410293DF58B0049F281 /* Controllers */ = {
			isa = PBXGroup;
			children = (
				E4BA9435293F630D0049F281 /* LoginGroup */,
				E4BA9438293F634C0049F281 /* TabBarGroup */,
				E4BA9414293E05850049F281 /* BaseViewController.swift */,
			);
			path = Controllers;
			sourceTree = "<group>";
		};
		E4BA9432293F62560049F281 /* Managers */ = {
			isa = PBXGroup;
			children = (
				E4BA94592940DE640049F281 /* Validator */,
				E4BA9440293F655E0049F281 /* DataManagers */,
				E4BA943F293F652E0049F281 /* UIManagers */,
			);
			path = Managers;
			sourceTree = "<group>";
		};
		E4BA9433293F625D0049F281 /* Models */ = {
			isa = PBXGroup;
			children = (
				E4BA946229436A310049F281 /* APIModels */,
				E4BA944D293F7EBC0049F281 /* LottieAnimations */,
			);
			path = Models;
			sourceTree = "<group>";
		};
		E4BA9434293F62640049F281 /* Views */ = {
			isa = PBXGroup;
			children = (
				E4369AEF29526C1800678ED7 /* TableViewCells */,
				E4369AEE29526BE100678ED7 /* HeaderTableViewCells */,
				E4369AED29526B9500678ED7 /* CollectionViews */,
			);
			path = Views;
			sourceTree = "<group>";
		};
		E4BA9435293F630D0049F281 /* LoginGroup */ = {
			isa = PBXGroup;
			children = (
				E4BA93FB293DF3E50049F281 /* LoginViewController.swift */,
				E4BA945E29412E900049F281 /* CreateAccountViewController.swift */,
			);
			path = LoginGroup;
			sourceTree = "<group>";
		};
		E4BA9438293F634C0049F281 /* TabBarGroup */ = {
			isa = PBXGroup;
			children = (
				E4BA9416293E07010049F281 /* TabBarController.swift */,
				E4BA9418293E21AB0049F281 /* HomeViewController.swift */,
				E4BA941A293E21C30049F281 /* TournamentViewController.swift */,
				E4BA941C293E21D50049F281 /* TeamsViewController.swift */,
				E4BA941E293E21EC0049F281 /* AccountViewController.swift */,
				E4369ADE2952245400678ED7 /* PickedGamesViewController.swift */,
			);
			path = TabBarGroup;
			sourceTree = "<group>";
		};
		E4BA943F293F652E0049F281 /* UIManagers */ = {
			isa = PBXGroup;
			children = (
				E4BA9439293F64700049F281 /* ActivityIndicatorManager.swift */,
				E4BA943B293F649E0049F281 /* MyAlertManager.swift */,
				E4BA943D293F64F10049F281 /* GradientView.swift */,
				E4BA947E294931DF0049F281 /* DateFormater.swift */,
			);
			path = UIManagers;
			sourceTree = "<group>";
		};
		E4BA9440293F655E0049F281 /* DataManagers */ = {
			isa = PBXGroup;
			children = (
				E4BA9441293F65820049F281 /* MyCoreDataManager.swift */,
				E4BA9444293F65A30049F281 /* RestService.swift */,
				E4BA94602941F46F0049F281 /* FireBaseManager.swift */,
				E4369AD92950CE3900678ED7 /* LocalFileManager.swift */,
			);
			path = DataManagers;
			sourceTree = "<group>";
		};
		E4BA944D293F7EBC0049F281 /* LottieAnimations */ = {
			isa = PBXGroup;
			children = (
				E4BA947C2948E1720049F281 /* basketballLoading.json */,
				E4BA9452293FB6990049F281 /* spinBasketball.json */,
			);
			path = LottieAnimations;
			sourceTree = "<group>";
		};
		E4BA94592940DE640049F281 /* Validator */ = {
			isa = PBXGroup;
			children = (
				E4BA945A2940DE7D0049F281 /* Validator.swift */,
			);
			path = Validator;
			sourceTree = "<group>";
		};
		E4BA946229436A310049F281 /* APIModels */ = {
			isa = PBXGroup;
			children = (
				E4369AE02952681B00678ED7 /* Teams */,
				E4369AB6294B8F2300678ED7 /* Tournaments */,
				E4BA94842949F8B90049F281 /* Leagues */,
				E4BA946729479E9F0049F281 /* Games */,
			);
			path = APIModels;
			sourceTree = "<group>";
		};
		E4BA946729479E9F0049F281 /* Games */ = {
			isa = PBXGroup;
			children = (
				E4BA946A29479EB00049F281 /* Away.swift */,
				E4BA947029479EB00049F281 /* Country.swift */,
				E4BA946F29479EB00049F281 /* Home.swift */,
				E4BA946E29479EB00049F281 /* GamesEntryPoint.swift */,
				E4BA946829479EB00049F281 /* League.swift */,
				E4BA947129479EB00049F281 /* Parameters.swift */,
				E4BA946C29479EB00049F281 /* GameResponse.swift */,
				E4BA946B29479EB00049F281 /* Scores.swift */,
				E4BA946929479EB00049F281 /* Status.swift */,
				E4BA946D29479EB00049F281 /* Teams.swift */,
			);
			path = Games;
			sourceTree = "<group>";
		};
		E4BA94842949F8B90049F281 /* Leagues */ = {
			isa = PBXGroup;
			children = (
				E4BA94882949F8DB0049F281 /* LeaguesEntryPoint.swift */,
				E4BA94872949F8DB0049F281 /* leaguesResponse.swift */,
				E4BA94862949F8DB0049F281 /* Seasons.swift */,
			);
			path = Leagues;
			sourceTree = "<group>";
		};
/* End PBXGroup section */

/* Begin PBXNativeTarget section */
		E4BA93F3293DF3E50049F281 /* DnCBasket */ = {
			isa = PBXNativeTarget;
			buildConfigurationList = E4BA940B293DF3E60049F281 /* Build configuration list for PBXNativeTarget "DnCBasket" */;
			buildPhases = (
				E4BA93F0293DF3E50049F281 /* Sources */,
				E4BA93F1293DF3E50049F281 /* Frameworks */,
				E4BA93F2293DF3E50049F281 /* Resources */,
				E4BA9420293E29E10049F281 /* Run SwiftLint */,
			);
			buildRules = (
			);
			dependencies = (
			);
			name = DnCBasket;
			packageProductDependencies = (
				E4BA9422293E2B990049F281 /* Alamofire */,
				E4BA9425293E2BAC0049F281 /* SnapKit */,
				E4BA9428293E2BC40049F281 /* Kingfisher */,
				E4BA942B293E2BE30049F281 /* Lottie */,
				E4BA942E293E2CBE0049F281 /* SkyFloatingLabelTextField */,
				E4BA9447293F6C940049F281 /* FirebaseAuth */,
				E4BA9449293F6C940049F281 /* FirebaseCrashlytics */,
				E4BA944B293F6C940049F281 /* FirebaseFirestore */,
			);
			productName = DnCBasket;
			productReference = E4BA93F4293DF3E50049F281 /* DnCBasket.app */;
			productType = "com.apple.product-type.application";
		};
/* End PBXNativeTarget section */

/* Begin PBXProject section */
		E4BA93EC293DF3E50049F281 /* Project object */ = {
			isa = PBXProject;
			attributes = {
				BuildIndependentTargetsInParallel = 1;
				LastSwiftUpdateCheck = 1410;
				LastUpgradeCheck = 1410;
				TargetAttributes = {
					E4BA93F3293DF3E50049F281 = {
						CreatedOnToolsVersion = 14.1;
					};
				};
			};
			buildConfigurationList = E4BA93EF293DF3E50049F281 /* Build configuration list for PBXProject "DnCBasket" */;
			compatibilityVersion = "Xcode 14.0";
			developmentRegion = en;
			hasScannedForEncodings = 0;
			knownRegions = (
				en,
				Base,
			);
			mainGroup = E4BA93EB293DF3E50049F281;
			packageReferences = (
				E4BA9421293E2B990049F281 /* XCRemoteSwiftPackageReference "Alamofire" */,
				E4BA9424293E2BAC0049F281 /* XCRemoteSwiftPackageReference "SnapKit" */,
				E4BA9427293E2BC40049F281 /* XCRemoteSwiftPackageReference "Kingfisher" */,
				E4BA942A293E2BE30049F281 /* XCRemoteSwiftPackageReference "lottie-ios" */,
				E4BA942D293E2CBE0049F281 /* XCRemoteSwiftPackageReference "SkyFloatingLabelTextField" */,
				E4BA9446293F6C940049F281 /* XCRemoteSwiftPackageReference "firebase-ios-sdk" */,
			);
			productRefGroup = E4BA93F5293DF3E50049F281 /* Products */;
			projectDirPath = "";
			projectRoot = "";
			targets = (
				E4BA93F3293DF3E50049F281 /* DnCBasket */,
			);
		};
/* End PBXProject section */

/* Begin PBXResourcesBuildPhase section */
		E4BA93F2293DF3E50049F281 /* Resources */ = {
			isa = PBXResourcesBuildPhase;
			buildActionMask = 2147483647;
			files = (
				E4BA9453293FB6990049F281 /* spinBasketball.json in Resources */,
				E4BA947D2948E1720049F281 /* basketballLoading.json in Resources */,
				E4BA94582940A5050049F281 /* GoogleService-Info.plist in Resources */,
				E4BA9404293DF3E60049F281 /* Assets.xcassets in Resources */,
			);
			runOnlyForDeploymentPostprocessing = 0;
		};
/* End PBXResourcesBuildPhase section */

/* Begin PBXShellScriptBuildPhase section */
		E4BA9420293E29E10049F281 /* Run SwiftLint */ = {
			isa = PBXShellScriptBuildPhase;
			buildActionMask = 2147483647;
			files = (
			);
			inputFileListPaths = (
			);
			inputPaths = (
			);
			name = "Run SwiftLint";
			outputFileListPaths = (
			);
			outputPaths = (
			);
			runOnlyForDeploymentPostprocessing = 0;
			shellPath = /bin/sh;
			shellScript = "if which swiftlint >/dev/null; then\n    swiftlint lint --quiet\nelse\n    echo \"error: SwiftLint not installed, download from https://github.com/realm/SwiftLint\"\nfi\n";
		};
/* End PBXShellScriptBuildPhase section */

/* Begin PBXSourcesBuildPhase section */
		E4BA93F0293DF3E50049F281 /* Sources */ = {
			isa = PBXSourcesBuildPhase;
			buildActionMask = 2147483647;
			files = (
				E4BA9415293E05850049F281 /* BaseViewController.swift in Sources */,
				E4BA9464294773E10049F281 /* Constants.swift in Sources */,
				E4369AEA29526A3200678ED7 /* YearsTableViewCell.swift in Sources */,
				E4369AD0294C820300678ED7 /* TournamentHeaderView.swift in Sources */,
				E4BA941B293E21C30049F281 /* TournamentViewController.swift in Sources */,
				E4369AC9294B8F6F00678ED7 /* Group.swift in Sources */,
				E4369AD2295068F500678ED7 /* AccountHeaderTableViewCell.swift in Sources */,
				E4BA946629479B230049F281 /* GameTableViewCell.swift in Sources */,
				E4BA948B2949F8DB0049F281 /* leaguesResponse.swift in Sources */,
				E4BA93FC293DF3E50049F281 /* LoginViewController.swift in Sources */,
				E4369AC2294B8F6F00678ED7 /* Points.swift in Sources */,
				E4BA947B29479EB00049F281 /* Parameters.swift in Sources */,
				E4BA943E293F64F10049F281 /* GradientView.swift in Sources */,
				E4BA947929479EB00049F281 /* Home.swift in Sources */,
				E4BA9402293DF3E50049F281 /* DnCBasket.xcdatamodeld in Sources */,
				E4369ADF2952245400678ED7 /* PickedGamesViewController.swift in Sources */,
				E4369AEC29526B8F00678ED7 /* YearsCollectionViewCell.swift in Sources */,
				E4BA947229479EB00049F281 /* League.swift in Sources */,
				E4BA9417293E07010049F281 /* TabBarController.swift in Sources */,
				E4BA945F29412E900049F281 /* CreateAccountViewController.swift in Sources */,
				E4BA943A293F64700049F281 /* ActivityIndicatorManager.swift in Sources */,
				E4BA948A2949F8DB0049F281 /* Seasons.swift in Sources */,
				E4BA93F8293DF3E50049F281 /* AppDelegate.swift in Sources */,
				E4369AC7294B8F6F00678ED7 /* TournamentsEntryPoint.swift in Sources */,
				E4BA945B2940DE7D0049F281 /* Validator.swift in Sources */,
				E4369AC6294B8F6F00678ED7 /* Team.swift in Sources */,
				E4BA941F293E21EC0049F281 /* AccountViewController.swift in Sources */,
				E4BA9419293E21AB0049F281 /* HomeViewController.swift in Sources */,
				E4369AC8294B8F6F00678ED7 /* Win.swift in Sources */,
				E4BA947329479EB00049F281 /* Status.swift in Sources */,
				E4BA9445293F65A30049F281 /* RestService.swift in Sources */,
				E4369AC3294B8F6F00678ED7 /* Lose.swift in Sources */,
				E4369AC4294B8F6F00678ED7 /* TournamentResponse.swift in Sources */,
				E4BA94812949EC420049F281 /* BaseCollectionViewCell.swift in Sources */,
				E4369AE82952683000678ED7 /* TeamResponse.swift in Sources */,
				E4BA941D293E21D50049F281 /* TeamsViewController.swift in Sources */,
				E4369AE52952683000678ED7 /* TeamsEntryPoint.swift in Sources */,
				E4369ACB294B8F6F00678ED7 /* Games.swift in Sources */,
				E4BA947A29479EB00049F281 /* Country.swift in Sources */,
				E4BA947F294931DF0049F281 /* DateFormater.swift in Sources */,
				E4BA947429479EB00049F281 /* Away.swift in Sources */,
				E4BA94612941F46F0049F281 /* FireBaseManager.swift in Sources */,
				E4BA947829479EB00049F281 /* GamesEntryPoint.swift in Sources */,
				E4BA947729479EB00049F281 /* Teams.swift in Sources */,
				E4369ACE294B941F00678ED7 /* TeamPlaceTableViewCell.swift in Sources */,
				E4BA93FA293DF3E50049F281 /* SceneDelegate.swift in Sources */,
				E4BA948C2949F8DB0049F281 /* LeaguesEntryPoint.swift in Sources */,
				E4BA94832949EC780049F281 /* LeaguesTableViewCell.swift in Sources */,
				E4BA9442293F65820049F281 /* MyCoreDataManager.swift in Sources */,
				E4BA947529479EB00049F281 /* Scores.swift in Sources */,
				E4BA943C293F649E0049F281 /* MyAlertManager.swift in Sources */,
				E4BA947629479EB00049F281 /* GameResponse.swift in Sources */,
				E4369ADA2950CE3900678ED7 /* LocalFileManager.swift in Sources */,
			);
			runOnlyForDeploymentPostprocessing = 0;
		};
/* End PBXSourcesBuildPhase section */

/* Begin XCBuildConfiguration section */
		E4BA9409293DF3E60049F281 /* Debug */ = {
			isa = XCBuildConfiguration;
			buildSettings = {
				ALWAYS_SEARCH_USER_PATHS = NO;
				CLANG_ANALYZER_NONNULL = YES;
				CLANG_ANALYZER_NUMBER_OBJECT_CONVERSION = YES_AGGRESSIVE;
				CLANG_CXX_LANGUAGE_STANDARD = "gnu++20";
				CLANG_ENABLE_MODULES = YES;
				CLANG_ENABLE_OBJC_ARC = YES;
				CLANG_ENABLE_OBJC_WEAK = YES;
				CLANG_WARN_BLOCK_CAPTURE_AUTORELEASING = YES;
				CLANG_WARN_BOOL_CONVERSION = YES;
				CLANG_WARN_COMMA = YES;
				CLANG_WARN_CONSTANT_CONVERSION = YES;
				CLANG_WARN_DEPRECATED_OBJC_IMPLEMENTATIONS = YES;
				CLANG_WARN_DIRECT_OBJC_ISA_USAGE = YES_ERROR;
				CLANG_WARN_DOCUMENTATION_COMMENTS = YES;
				CLANG_WARN_EMPTY_BODY = YES;
				CLANG_WARN_ENUM_CONVERSION = YES;
				CLANG_WARN_INFINITE_RECURSION = YES;
				CLANG_WARN_INT_CONVERSION = YES;
				CLANG_WARN_NON_LITERAL_NULL_CONVERSION = YES;
				CLANG_WARN_OBJC_IMPLICIT_RETAIN_SELF = YES;
				CLANG_WARN_OBJC_LITERAL_CONVERSION = YES;
				CLANG_WARN_OBJC_ROOT_CLASS = YES_ERROR;
				CLANG_WARN_QUOTED_INCLUDE_IN_FRAMEWORK_HEADER = YES;
				CLANG_WARN_RANGE_LOOP_ANALYSIS = YES;
				CLANG_WARN_STRICT_PROTOTYPES = YES;
				CLANG_WARN_SUSPICIOUS_MOVE = YES;
				CLANG_WARN_UNGUARDED_AVAILABILITY = YES_AGGRESSIVE;
				CLANG_WARN_UNREACHABLE_CODE = YES;
				CLANG_WARN__DUPLICATE_METHOD_MATCH = YES;
				COPY_PHASE_STRIP = NO;
				DEBUG_INFORMATION_FORMAT = dwarf;
				ENABLE_STRICT_OBJC_MSGSEND = YES;
				ENABLE_TESTABILITY = YES;
				GCC_C_LANGUAGE_STANDARD = gnu11;
				GCC_DYNAMIC_NO_PIC = NO;
				GCC_NO_COMMON_BLOCKS = YES;
				GCC_OPTIMIZATION_LEVEL = 0;
				GCC_PREPROCESSOR_DEFINITIONS = (
					"DEBUG=1",
					"$(inherited)",
				);
				GCC_WARN_64_TO_32_BIT_CONVERSION = YES;
				GCC_WARN_ABOUT_RETURN_TYPE = YES_ERROR;
				GCC_WARN_UNDECLARED_SELECTOR = YES;
				GCC_WARN_UNINITIALIZED_AUTOS = YES_AGGRESSIVE;
				GCC_WARN_UNUSED_FUNCTION = YES;
				GCC_WARN_UNUSED_VARIABLE = YES;
				INFOPLIST_FILE = "";
				IPHONEOS_DEPLOYMENT_TARGET = 16.1;
				MTL_ENABLE_DEBUG_INFO = INCLUDE_SOURCE;
				MTL_FAST_MATH = YES;
				ONLY_ACTIVE_ARCH = YES;
				SDKROOT = iphoneos;
				SWIFT_ACTIVE_COMPILATION_CONDITIONS = DEBUG;
				SWIFT_OPTIMIZATION_LEVEL = "-Onone";
			};
			name = Debug;
		};
		E4BA940A293DF3E60049F281 /* Release */ = {
			isa = XCBuildConfiguration;
			buildSettings = {
				ALWAYS_SEARCH_USER_PATHS = NO;
				CLANG_ANALYZER_NONNULL = YES;
				CLANG_ANALYZER_NUMBER_OBJECT_CONVERSION = YES_AGGRESSIVE;
				CLANG_CXX_LANGUAGE_STANDARD = "gnu++20";
				CLANG_ENABLE_MODULES = YES;
				CLANG_ENABLE_OBJC_ARC = YES;
				CLANG_ENABLE_OBJC_WEAK = YES;
				CLANG_WARN_BLOCK_CAPTURE_AUTORELEASING = YES;
				CLANG_WARN_BOOL_CONVERSION = YES;
				CLANG_WARN_COMMA = YES;
				CLANG_WARN_CONSTANT_CONVERSION = YES;
				CLANG_WARN_DEPRECATED_OBJC_IMPLEMENTATIONS = YES;
				CLANG_WARN_DIRECT_OBJC_ISA_USAGE = YES_ERROR;
				CLANG_WARN_DOCUMENTATION_COMMENTS = YES;
				CLANG_WARN_EMPTY_BODY = YES;
				CLANG_WARN_ENUM_CONVERSION = YES;
				CLANG_WARN_INFINITE_RECURSION = YES;
				CLANG_WARN_INT_CONVERSION = YES;
				CLANG_WARN_NON_LITERAL_NULL_CONVERSION = YES;
				CLANG_WARN_OBJC_IMPLICIT_RETAIN_SELF = YES;
				CLANG_WARN_OBJC_LITERAL_CONVERSION = YES;
				CLANG_WARN_OBJC_ROOT_CLASS = YES_ERROR;
				CLANG_WARN_QUOTED_INCLUDE_IN_FRAMEWORK_HEADER = YES;
				CLANG_WARN_RANGE_LOOP_ANALYSIS = YES;
				CLANG_WARN_STRICT_PROTOTYPES = YES;
				CLANG_WARN_SUSPICIOUS_MOVE = YES;
				CLANG_WARN_UNGUARDED_AVAILABILITY = YES_AGGRESSIVE;
				CLANG_WARN_UNREACHABLE_CODE = YES;
				CLANG_WARN__DUPLICATE_METHOD_MATCH = YES;
				COPY_PHASE_STRIP = NO;
				DEBUG_INFORMATION_FORMAT = "dwarf-with-dsym";
				ENABLE_NS_ASSERTIONS = NO;
				ENABLE_STRICT_OBJC_MSGSEND = YES;
				GCC_C_LANGUAGE_STANDARD = gnu11;
				GCC_NO_COMMON_BLOCKS = YES;
				GCC_WARN_64_TO_32_BIT_CONVERSION = YES;
				GCC_WARN_ABOUT_RETURN_TYPE = YES_ERROR;
				GCC_WARN_UNDECLARED_SELECTOR = YES;
				GCC_WARN_UNINITIALIZED_AUTOS = YES_AGGRESSIVE;
				GCC_WARN_UNUSED_FUNCTION = YES;
				GCC_WARN_UNUSED_VARIABLE = YES;
				INFOPLIST_FILE = "";
				IPHONEOS_DEPLOYMENT_TARGET = 16.1;
				MTL_ENABLE_DEBUG_INFO = NO;
				MTL_FAST_MATH = YES;
				SDKROOT = iphoneos;
				SWIFT_COMPILATION_MODE = wholemodule;
				SWIFT_OPTIMIZATION_LEVEL = "-O";
				VALIDATE_PRODUCT = YES;
			};
			name = Release;
		};
		E4BA940C293DF3E60049F281 /* Debug */ = {
			isa = XCBuildConfiguration;
			buildSettings = {
				ASSETCATALOG_COMPILER_APPICON_NAME = AppIcon;
				ASSETCATALOG_COMPILER_GLOBAL_ACCENT_COLOR_NAME = AccentColor;
				CODE_SIGN_STYLE = Automatic;
				CURRENT_PROJECT_VERSION = 1;
				DEVELOPMENT_TEAM = SY6Z34435G;
				GENERATE_INFOPLIST_FILE = YES;
				INFOPLIST_FILE = DnCBasket/Defaults/Info.plist;
				INFOPLIST_KEY_NSCameraUsageDescription = "Please, allows us to use your camera";
				INFOPLIST_KEY_UIApplicationSupportsIndirectInputEvents = YES;
				INFOPLIST_KEY_UILaunchStoryboardName = LaunchScreen;
				INFOPLIST_KEY_UISupportedInterfaceOrientations = UIInterfaceOrientationPortrait;
				INFOPLIST_KEY_UISupportedInterfaceOrientations_iPad = "UIInterfaceOrientationLandscapeLeft UIInterfaceOrientationLandscapeRight UIInterfaceOrientationPortrait UIInterfaceOrientationPortraitUpsideDown";
				LD_RUNPATH_SEARCH_PATHS = (
					"$(inherited)",
					"@executable_path/Frameworks",
				);
				MARKETING_VERSION = 1.0;
				PRODUCT_BUNDLE_IDENTIFIER = Leo.DnCBasket;
				PRODUCT_NAME = "$(TARGET_NAME)";
				SUPPORTED_PLATFORMS = "iphoneos iphonesimulator";
				SUPPORTS_MACCATALYST = NO;
				SUPPORTS_MAC_DESIGNED_FOR_IPHONE_IPAD = NO;
				SWIFT_EMIT_LOC_STRINGS = YES;
				SWIFT_VERSION = 5.0;
				TARGETED_DEVICE_FAMILY = 1;
			};
			name = Debug;
		};
		E4BA940D293DF3E60049F281 /* Release */ = {
			isa = XCBuildConfiguration;
			buildSettings = {
				ASSETCATALOG_COMPILER_APPICON_NAME = AppIcon;
				ASSETCATALOG_COMPILER_GLOBAL_ACCENT_COLOR_NAME = AccentColor;
				CODE_SIGN_STYLE = Automatic;
				CURRENT_PROJECT_VERSION = 1;
				DEVELOPMENT_TEAM = SY6Z34435G;
				GENERATE_INFOPLIST_FILE = YES;
				INFOPLIST_FILE = DnCBasket/Defaults/Info.plist;
				INFOPLIST_KEY_NSCameraUsageDescription = "Please, allows us to use your camera";
				INFOPLIST_KEY_UIApplicationSupportsIndirectInputEvents = YES;
				INFOPLIST_KEY_UILaunchStoryboardName = LaunchScreen;
				INFOPLIST_KEY_UISupportedInterfaceOrientations = UIInterfaceOrientationPortrait;
				INFOPLIST_KEY_UISupportedInterfaceOrientations_iPad = "UIInterfaceOrientationLandscapeLeft UIInterfaceOrientationLandscapeRight UIInterfaceOrientationPortrait UIInterfaceOrientationPortraitUpsideDown";
				LD_RUNPATH_SEARCH_PATHS = (
					"$(inherited)",
					"@executable_path/Frameworks",
				);
				MARKETING_VERSION = 1.0;
				PRODUCT_BUNDLE_IDENTIFIER = Leo.DnCBasket;
				PRODUCT_NAME = "$(TARGET_NAME)";
				SUPPORTED_PLATFORMS = "iphoneos iphonesimulator";
				SUPPORTS_MACCATALYST = NO;
				SUPPORTS_MAC_DESIGNED_FOR_IPHONE_IPAD = NO;
				SWIFT_EMIT_LOC_STRINGS = YES;
				SWIFT_VERSION = 5.0;
				TARGETED_DEVICE_FAMILY = 1;
			};
			name = Release;
		};
/* End XCBuildConfiguration section */

/* Begin XCConfigurationList section */
		E4BA93EF293DF3E50049F281 /* Build configuration list for PBXProject "DnCBasket" */ = {
			isa = XCConfigurationList;
			buildConfigurations = (
				E4BA9409293DF3E60049F281 /* Debug */,
				E4BA940A293DF3E60049F281 /* Release */,
			);
			defaultConfigurationIsVisible = 0;
			defaultConfigurationName = Release;
		};
		E4BA940B293DF3E60049F281 /* Build configuration list for PBXNativeTarget "DnCBasket" */ = {
			isa = XCConfigurationList;
			buildConfigurations = (
				E4BA940C293DF3E60049F281 /* Debug */,
				E4BA940D293DF3E60049F281 /* Release */,
			);
			defaultConfigurationIsVisible = 0;
			defaultConfigurationName = Release;
		};
/* End XCConfigurationList section */

/* Begin XCRemoteSwiftPackageReference section */
		E4BA9421293E2B990049F281 /* XCRemoteSwiftPackageReference "Alamofire" */ = {
			isa = XCRemoteSwiftPackageReference;
			repositoryURL = "https://github.com/Alamofire/Alamofire.git";
			requirement = {
				branch = master;
				kind = branch;
			};
		};
		E4BA9424293E2BAC0049F281 /* XCRemoteSwiftPackageReference "SnapKit" */ = {
			isa = XCRemoteSwiftPackageReference;
			repositoryURL = "https://github.com/SnapKit/SnapKit.git";
			requirement = {
				branch = develop;
				kind = branch;
			};
		};
		E4BA9427293E2BC40049F281 /* XCRemoteSwiftPackageReference "Kingfisher" */ = {
			isa = XCRemoteSwiftPackageReference;
			repositoryURL = "https://github.com/onevcat/Kingfisher.git";
			requirement = {
				kind = upToNextMajorVersion;
				minimumVersion = 7.0.0;
			};
		};
		E4BA942A293E2BE30049F281 /* XCRemoteSwiftPackageReference "lottie-ios" */ = {
			isa = XCRemoteSwiftPackageReference;
			repositoryURL = "https://github.com/airbnb/lottie-ios.git";
			requirement = {
				branch = master;
				kind = branch;
			};
		};
		E4BA942D293E2CBE0049F281 /* XCRemoteSwiftPackageReference "SkyFloatingLabelTextField" */ = {
			isa = XCRemoteSwiftPackageReference;
			repositoryURL = "https://github.com/Skyscanner/SkyFloatingLabelTextField.git";
			requirement = {
				kind = upToNextMajorVersion;
				minimumVersion = 4.0.0;
			};
		};
		E4BA9446293F6C940049F281 /* XCRemoteSwiftPackageReference "firebase-ios-sdk" */ = {
			isa = XCRemoteSwiftPackageReference;
			repositoryURL = "https://github.com/firebase/firebase-ios-sdk.git";
			requirement = {
				kind = upToNextMajorVersion;
				minimumVersion = 9.0.0;
			};
		};
/* End XCRemoteSwiftPackageReference section */

/* Begin XCSwiftPackageProductDependency section */
		E4BA9422293E2B990049F281 /* Alamofire */ = {
			isa = XCSwiftPackageProductDependency;
			package = E4BA9421293E2B990049F281 /* XCRemoteSwiftPackageReference "Alamofire" */;
			productName = Alamofire;
		};
		E4BA9425293E2BAC0049F281 /* SnapKit */ = {
			isa = XCSwiftPackageProductDependency;
			package = E4BA9424293E2BAC0049F281 /* XCRemoteSwiftPackageReference "SnapKit" */;
			productName = SnapKit;
		};
		E4BA9428293E2BC40049F281 /* Kingfisher */ = {
			isa = XCSwiftPackageProductDependency;
			package = E4BA9427293E2BC40049F281 /* XCRemoteSwiftPackageReference "Kingfisher" */;
			productName = Kingfisher;
		};
		E4BA942B293E2BE30049F281 /* Lottie */ = {
			isa = XCSwiftPackageProductDependency;
			package = E4BA942A293E2BE30049F281 /* XCRemoteSwiftPackageReference "lottie-ios" */;
			productName = Lottie;
		};
		E4BA942E293E2CBE0049F281 /* SkyFloatingLabelTextField */ = {
			isa = XCSwiftPackageProductDependency;
			package = E4BA942D293E2CBE0049F281 /* XCRemoteSwiftPackageReference "SkyFloatingLabelTextField" */;
			productName = SkyFloatingLabelTextField;
		};
		E4BA9447293F6C940049F281 /* FirebaseAuth */ = {
			isa = XCSwiftPackageProductDependency;
			package = E4BA9446293F6C940049F281 /* XCRemoteSwiftPackageReference "firebase-ios-sdk" */;
			productName = FirebaseAuth;
		};
		E4BA9449293F6C940049F281 /* FirebaseCrashlytics */ = {
			isa = XCSwiftPackageProductDependency;
			package = E4BA9446293F6C940049F281 /* XCRemoteSwiftPackageReference "firebase-ios-sdk" */;
			productName = FirebaseCrashlytics;
		};
		E4BA944B293F6C940049F281 /* FirebaseFirestore */ = {
			isa = XCSwiftPackageProductDependency;
			package = E4BA9446293F6C940049F281 /* XCRemoteSwiftPackageReference "firebase-ios-sdk" */;
			productName = FirebaseFirestore;
		};
/* End XCSwiftPackageProductDependency section */

/* Begin XCVersionGroup section */
		E4BA9400293DF3E50049F281 /* DnCBasket.xcdatamodeld */ = {
			isa = XCVersionGroup;
			children = (
				E4BA9401293DF3E50049F281 /* DnCBasket.xcdatamodel */,
			);
			currentVersion = E4BA9401293DF3E50049F281 /* DnCBasket.xcdatamodel */;
			path = DnCBasket.xcdatamodeld;
			sourceTree = "<group>";
			versionGroupType = wrapper.xcdatamodel;
		};
/* End XCVersionGroup section */
	};
	rootObject = E4BA93EC293DF3E50049F281 /* Project object */;
}
